
Microsoft Visual Studio Solution File, Format Version 12.00
# Visual Studio Version 17
VisualStudioVersion = 17.8.34330.188
MinimumVisualStudioVersion = 10.0.40219.1
Project("{9A19103F-16F7-4668-BE54-9A1E7A4F7556}") = "BlazorApp", "BlazorApp\BlazorApp\BlazorApp.csproj", "{365D7562-A328-4DB0-A192-92910CCC2664}"
EndProject
Project("{9A19103F-16F7-4668-BE54-9A1E7A4F7556}") = "BlazorApp.Client", "BlazorApp\BlazorApp.Client\BlazorApp.Client.csproj", "{32DF7D7D-02D4-4B77-9F1C-D6BF4E34A409}"
EndProject
Project("{FAE04EC0-301F-11D3-BF4B-00C04F79EFBC}") = "BlazorApp.Shared", "BlazorApp.Shared\BlazorApp.Shared.csproj", "{0E38DA4F-32E2-4D3B-A89C-3E2C58320CB7}"
EndProject
Global
	GlobalSection(SolutionConfigurationPlatforms) = preSolution
		Debug|Any CPU = Debug|Any CPU
		Release|Any CPU = Release|Any CPU
	EndGlobalSection
	GlobalSection(ProjectConfigurationPlatforms) = postSolution
		{365D7562-A328-4DB0-A192-92910CCC2664}.Debug|Any CPU.ActiveCfg = Debug|Any CPU
		{365D7562-A328-4DB0-A192-92910CCC2664}.Debug|Any CPU.Build.0 = Debug|Any CPU
		{365D7562-A328-4DB0-A192-92910CCC2664}.Release|Any CPU.ActiveCfg = Release|Any CPU
		{365D7562-A328-4DB0-A192-92910CCC2664}.Release|Any CPU.Build.0 = Release|Any CPU
		{32DF7D7D-02D4-4B77-9F1C-D6BF4E34A409}.Debug|Any CPU.ActiveCfg = Debug|Any CPU
		{32DF7D7D-02D4-4B77-9F1C-D6BF4E34A409}.Debug|Any CPU.Build.0 = Debug|Any CPU
		{32DF7D7D-02D4-4B77-9F1C-D6BF4E34A409}.Release|Any CPU.ActiveCfg = Release|Any CPU
		{32DF7D7D-02D4-4B77-9F1C-D6BF4E34A409}.Release|Any CPU.Build.0 = Release|Any CPU
		{0E38DA4F-32E2-4D3B-A89C-3E2C58320CB7}.Debug|Any CPU.ActiveCfg = Debug|Any CPU
		{0E38DA4F-32E2-4D3B-A89C-3E2C58320CB7}.Debug|Any CPU.Build.0 = Debug|Any CPU
		{0E38DA4F-32E2-4D3B-A89C-3E2C58320CB7}.Release|Any CPU.ActiveCfg = Release|Any CPU
		{0E38DA4F-32E2-4D3B-A89C-3E2C58320CB7}.Release|Any CPU.Build.0 = Release|Any CPU
	EndGlobalSection
	GlobalSection(SolutionProperties) = preSolution
		HideSolutionNode = FALSE
	EndGlobalSection
	GlobalSection(ExtensibilityGlobals) = postSolution
		SolutionGuid = {B63B9355-8057-4905-AB36-A413837965AF}
	EndGlobalSection
EndGlobal
